
Microsoft Visual Studio Solution File, Format Version 12.00
# Visual Studio Version 17
VisualStudioVersion = 17.11.35312.102
MinimumVisualStudioVersion = 10.0.40219.1
Project("{FAE04EC0-301F-11D3-BF4B-00C04F79EFBC}") = "WhosMyPokemon", "WhosMyPokemon\WhosMyPokemon.csproj", "{79135830-78A5-4C30-9ACA-F3FAB33A74B8}"
EndProject
Global
	GlobalSection(SolutionConfigurationPlatforms) = preSolution
		Debug|Any CPU = Debug|Any CPU
		Release|Any CPU = Release|Any CPU
	EndGlobalSection
	GlobalSection(ProjectConfigurationPlatforms) = postSolution
		{79135830-78A5-4C30-9ACA-F3FAB33A74B8}.Debug|Any CPU.ActiveCfg = Debug|Any CPU
		{79135830-78A5-4C30-9ACA-F3FAB33A74B8}.Debug|Any CPU.Build.0 = Debug|Any CPU
		{79135830-78A5-4C30-9ACA-F3FAB33A74B8}.Release|Any CPU.ActiveCfg = Release|Any CPU
		{79135830-78A5-4C30-9ACA-F3FAB33A74B8}.Release|Any CPU.Build.0 = Release|Any CPU
	EndGlobalSection
	GlobalSection(SolutionProperties) = preSolution
		HideSolutionNode = FALSE
	EndGlobalSection
	GlobalSection(ExtensibilityGlobals) = postSolution
		SolutionGuid = {AA1A104A-465F-4FC2-9207-95AB5B8E6361}
	EndGlobalSection
EndGlobal
